
Microsoft Visual Studio Solution File, Format Version 12.00
# Visual Studio Version 17
VisualStudioVersion = 17.2.32616.157
MinimumVisualStudioVersion = 10.0.40219.1
Project("{9A19103F-16F7-4668-BE54-9A1E7A4F7556}") = "Xandevelop.Wigwam.Compiler", "Xandevelop.Wigwam.Compiler\Xandevelop.Wigwam.Compiler.csproj", "{FEB57CE8-3963-4EDC-9919-3D768278CBD7}"
EndProject
Project("{FAE04EC0-301F-11D3-BF4B-00C04F79EFBC}") = "Xandevelop.Wigwam.TestConsole", "Xandevelop.Wigwam.TestConsole\Xandevelop.Wigwam.TestConsole.csproj", "{FEEEFE01-CB51-48BF-A0A9-D0BCC5A72665}"
EndProject
Project("{FAE04EC0-301F-11D3-BF4B-00C04F79EFBC}") = "XanDevelop.Wigwam.Tests", "XanDevelop.Wigwam.Tests\XanDevelop.Wigwam.Tests.csproj", "{2CA16841-4792-48B4-AC61-379F07ECA49B}"
EndProject
Project("{9A19103F-16F7-4668-BE54-9A1E7A4F7556}") = "Xandevelop.Wigwam.Outputs", "Xandevelop.Wigwam.Outputs\Xandevelop.Wigwam.Outputs.csproj", "{74CDA541-4DD3-4112-87C3-D2FEB8C7FDB1}"
EndProject
Project("{9A19103F-16F7-4668-BE54-9A1E7A4F7556}") = "Xandevelop.Wigwam.Fiddle", "Xandevelop.Wigwam.Fiddle\Xandevelop.Wigwam.Fiddle.csproj", "{7FA3D669-56CB-456C-AD93-89DAAA7B1472}"
EndProject
Project("{FAE04EC0-301F-11D3-BF4B-00C04F79EFBC}") = "Xandevelop.Wigwam.OutputTargets", "Xandevelop.Wigwam.OutputTargets\Xandevelop.Wigwam.OutputTargets.csproj", "{96337BC6-D994-4718-8AFF-EF29CDADF72B}"
EndProject
Global
	GlobalSection(SolutionConfigurationPlatforms) = preSolution
		Debug|Any CPU = Debug|Any CPU
		Release|Any CPU = Release|Any CPU
	EndGlobalSection
	GlobalSection(ProjectConfigurationPlatforms) = postSolution
		{FEB57CE8-3963-4EDC-9919-3D768278CBD7}.Debug|Any CPU.ActiveCfg = Debug|Any CPU
		{FEB57CE8-3963-4EDC-9919-3D768278CBD7}.Debug|Any CPU.Build.0 = Debug|Any CPU
		{FEB57CE8-3963-4EDC-9919-3D768278CBD7}.Release|Any CPU.ActiveCfg = Release|Any CPU
		{FEB57CE8-3963-4EDC-9919-3D768278CBD7}.Release|Any CPU.Build.0 = Release|Any CPU
		{FEEEFE01-CB51-48BF-A0A9-D0BCC5A72665}.Debug|Any CPU.ActiveCfg = Debug|Any CPU
		{FEEEFE01-CB51-48BF-A0A9-D0BCC5A72665}.Debug|Any CPU.Build.0 = Debug|Any CPU
		{FEEEFE01-CB51-48BF-A0A9-D0BCC5A72665}.Release|Any CPU.ActiveCfg = Release|Any CPU
		{FEEEFE01-CB51-48BF-A0A9-D0BCC5A72665}.Release|Any CPU.Build.0 = Release|Any CPU
		{2CA16841-4792-48B4-AC61-379F07ECA49B}.Debug|Any CPU.ActiveCfg = Debug|Any CPU
		{2CA16841-4792-48B4-AC61-379F07ECA49B}.Debug|Any CPU.Build.0 = Debug|Any CPU
		{2CA16841-4792-48B4-AC61-379F07ECA49B}.Release|Any CPU.ActiveCfg = Release|Any CPU
		{2CA16841-4792-48B4-AC61-379F07ECA49B}.Release|Any CPU.Build.0 = Release|Any CPU
		{74CDA541-4DD3-4112-87C3-D2FEB8C7FDB1}.Debug|Any CPU.ActiveCfg = Debug|Any CPU
		{74CDA541-4DD3-4112-87C3-D2FEB8C7FDB1}.Debug|Any CPU.Build.0 = Debug|Any CPU
		{74CDA541-4DD3-4112-87C3-D2FEB8C7FDB1}.Release|Any CPU.ActiveCfg = Release|Any CPU
		{74CDA541-4DD3-4112-87C3-D2FEB8C7FDB1}.Release|Any CPU.Build.0 = Release|Any CPU
		{7FA3D669-56CB-456C-AD93-89DAAA7B1472}.Debug|Any CPU.ActiveCfg = Debug|Any CPU
		{7FA3D669-56CB-456C-AD93-89DAAA7B1472}.Debug|Any CPU.Build.0 = Debug|Any CPU
		{7FA3D669-56CB-456C-AD93-89DAAA7B1472}.Release|Any CPU.ActiveCfg = Release|Any CPU
		{7FA3D669-56CB-456C-AD93-89DAAA7B1472}.Release|Any CPU.Build.0 = Release|Any CPU
		{96337BC6-D994-4718-8AFF-EF29CDADF72B}.Debug|Any CPU.ActiveCfg = Debug|Any CPU
		{96337BC6-D994-4718-8AFF-EF29CDADF72B}.Debug|Any CPU.Build.0 = Debug|Any CPU
		{96337BC6-D994-4718-8AFF-EF29CDADF72B}.Release|Any CPU.ActiveCfg = Release|Any CPU
		{96337BC6-D994-4718-8AFF-EF29CDADF72B}.Release|Any CPU.Build.0 = Release|Any CPU
	EndGlobalSection
	GlobalSection(SolutionProperties) = preSolution
		HideSolutionNode = FALSE
	EndGlobalSection
	GlobalSection(ExtensibilityGlobals) = postSolution
		SolutionGuid = {84849513-81FF-492F-8EC4-E24637D310CF}
	EndGlobalSection
EndGlobal
