
Microsoft Visual Studio Solution File, Format Version 12.00
# Visual Studio 15
VisualStudioVersion = 15.0.28010.2041
MinimumVisualStudioVersion = 10.0.40219.1
Project("{FAE04EC0-301F-11D3-BF4B-00C04F79EFBC}") = "Xandevelop.Wigwam.Ast", "Xan.Wigwam.Ast\Xandevelop.Wigwam.Ast.csproj", "{D3C06B05-20FD-4153-ADB1-D5BE1ECFDFDF}"
EndProject
Global
	GlobalSection(SolutionConfigurationPlatforms) = preSolution
		Debug|Any CPU = Debug|Any CPU
		Release|Any CPU = Release|Any CPU
	EndGlobalSection
	GlobalSection(ProjectConfigurationPlatforms) = postSolution
		{D3C06B05-20FD-4153-ADB1-D5BE1ECFDFDF}.Debug|Any CPU.ActiveCfg = Debug|Any CPU
		{D3C06B05-20FD-4153-ADB1-D5BE1ECFDFDF}.Debug|Any CPU.Build.0 = Debug|Any CPU
		{D3C06B05-20FD-4153-ADB1-D5BE1ECFDFDF}.Release|Any CPU.ActiveCfg = Release|Any CPU
		{D3C06B05-20FD-4153-ADB1-D5BE1ECFDFDF}.Release|Any CPU.Build.0 = Release|Any CPU
	EndGlobalSection
	GlobalSection(SolutionProperties) = preSolution
		HideSolutionNode = FALSE
	EndGlobalSection
	GlobalSection(ExtensibilityGlobals) = postSolution
		SolutionGuid = {84849513-81FF-492F-8EC4-E24637D310CF}
	EndGlobalSection
EndGlobal
